Microsoft Visual Studio Solution File, Format Version 12.00
# Visual Studio Version 17
VisualStudioVersion = 17.5.2.0
MinimumVisualStudioVersion = 10.0.40219.1
Project("{FAE04EC0-301F-11D3-BF4B-00C04F79EFBC}") = "S9con", "S9con\S9con.csproj", "{FC898588-EA59-D49B-B30C-D781AF15C97A}"
EndProject
Project("{FAE04EC0-301F-11D3-BF4B-00C04F79EFBC}") = "S9con.test", "S9con.test\S9con.test.csproj", "{3FA608FB-5BE3-58C1-CA72-46EB909354FB}"
EndProject
Global
	GlobalSection(SolutionConfigurationPlatforms) = preSolution
		Debug|Any CPU = Debug|Any CPU
		Release|Any CPU = Release|Any CPU
	EndGlobalSection
	GlobalSection(ProjectConfigurationPlatforms) = postSolution
		{FC898588-EA59-D49B-B30C-D781AF15C97A}.Debug|Any CPU.ActiveCfg = Debug|Any CPU
		{FC898588-EA59-D49B-B30C-D781AF15C97A}.Debug|Any CPU.Build.0 = Debug|Any CPU
		{FC898588-EA59-D49B-B30C-D781AF15C97A}.Release|Any CPU.ActiveCfg = Release|Any CPU
		{FC898588-EA59-D49B-B30C-D781AF15C97A}.Release|Any CPU.Build.0 = Release|Any CPU
		{3FA608FB-5BE3-58C1-CA72-46EB909354FB}.Debug|Any CPU.ActiveCfg = Debug|Any CPU
		{3FA608FB-5BE3-58C1-CA72-46EB909354FB}.Debug|Any CPU.Build.0 = Debug|Any CPU
		{3FA608FB-5BE3-58C1-CA72-46EB909354FB}.Release|Any CPU.ActiveCfg = Release|Any CPU
		{3FA608FB-5BE3-58C1-CA72-46EB909354FB}.Release|Any CPU.Build.0 = Release|Any CPU
	EndGlobalSection
	GlobalSection(SolutionProperties) = preSolution
		HideSolutionNode = FALSE
	EndGlobalSection
	GlobalSection(ExtensibilityGlobals) = postSolution
		SolutionGuid = {00E1654D-3C7D-40AD-8755-9BCED7E8B58F}
	EndGlobalSection
EndGlobal
