Microsoft Visual Studio Solution File, Format Version 12.00
# Visual Studio Version 17
VisualStudioVersion = 17.5.2.0
MinimumVisualStudioVersion = 10.0.40219.1
Project("{FAE04EC0-301F-11D3-BF4B-00C04F79EFBC}") = "S17", "S17.csproj", "{CF8DDB86-A6ED-88EC-9D9F-0911F7883FBC}"
EndProject
Global
	GlobalSection(SolutionConfigurationPlatforms) = preSolution
		Debug|Any CPU = Debug|Any CPU
		Release|Any CPU = Release|Any CPU
	EndGlobalSection
	GlobalSection(ProjectConfigurationPlatforms) = postSolution
		{CF8DDB86-A6ED-88EC-9D9F-0911F7883FBC}.Debug|Any CPU.ActiveCfg = Debug|Any CPU
		{CF8DDB86-A6ED-88EC-9D9F-0911F7883FBC}.Debug|Any CPU.Build.0 = Debug|Any CPU
		{CF8DDB86-A6ED-88EC-9D9F-0911F7883FBC}.Release|Any CPU.ActiveCfg = Release|Any CPU
		{CF8DDB86-A6ED-88EC-9D9F-0911F7883FBC}.Release|Any CPU.Build.0 = Release|Any CPU
	EndGlobalSection
	GlobalSection(SolutionProperties) = preSolution
		HideSolutionNode = FALSE
	EndGlobalSection
	GlobalSection(ExtensibilityGlobals) = postSolution
		SolutionGuid = {B1F70342-597E-434F-B81F-89566BD42595}
	EndGlobalSection
EndGlobal
