Microsoft Visual Studio Solution File, Format Version 12.00
# Visual Studio Version 17
VisualStudioVersion = 17.5.2.0
MinimumVisualStudioVersion = 10.0.40219.1
Project("{FAE04EC0-301F-11D3-BF4B-00C04F79EFBC}") = "S18", "S18\S18.csproj", "{802AE4DD-3335-F97F-56B9-C54E6DFB3F9A}"
EndProject
Project("{FAE04EC0-301F-11D3-BF4B-00C04F79EFBC}") = "S18.Test", "S18.Test\S18.Test.csproj", "{D8ECC8BE-60ED-A08A-8552-0E964C87774C}"
EndProject
Global
	GlobalSection(SolutionConfigurationPlatforms) = preSolution
		Debug|Any CPU = Debug|Any CPU
		Release|Any CPU = Release|Any CPU
	EndGlobalSection
	GlobalSection(ProjectConfigurationPlatforms) = postSolution
		{802AE4DD-3335-F97F-56B9-C54E6DFB3F9A}.Debug|Any CPU.ActiveCfg = Debug|Any CPU
		{802AE4DD-3335-F97F-56B9-C54E6DFB3F9A}.Debug|Any CPU.Build.0 = Debug|Any CPU
		{802AE4DD-3335-F97F-56B9-C54E6DFB3F9A}.Release|Any CPU.ActiveCfg = Release|Any CPU
		{802AE4DD-3335-F97F-56B9-C54E6DFB3F9A}.Release|Any CPU.Build.0 = Release|Any CPU
		{D8ECC8BE-60ED-A08A-8552-0E964C87774C}.Debug|Any CPU.ActiveCfg = Debug|Any CPU
		{D8ECC8BE-60ED-A08A-8552-0E964C87774C}.Debug|Any CPU.Build.0 = Debug|Any CPU
		{D8ECC8BE-60ED-A08A-8552-0E964C87774C}.Release|Any CPU.ActiveCfg = Release|Any CPU
		{D8ECC8BE-60ED-A08A-8552-0E964C87774C}.Release|Any CPU.Build.0 = Release|Any CPU
	EndGlobalSection
	GlobalSection(SolutionProperties) = preSolution
		HideSolutionNode = FALSE
	EndGlobalSection
	GlobalSection(ExtensibilityGlobals) = postSolution
		SolutionGuid = {48BFEF7E-96D9-4956-A87E-464F1222A866}
	EndGlobalSection
EndGlobal
